{
  "name": "epsilon-client",
  "version": "3.2.5",
  "lockfileVersion": 3,
  "requires": true,
  "packages": {
    "": {
      "name": "epsilon-client",
      "version": "3.2.5",
      "workspaces": [
        "packages/epsilon-fields",
        "packages/epsilon-fields-test",
        "packages/epsilon-image-core",
        "packages/epsilon-image-core-test",
        "packages_imported/epsilon-core/3.2.5",
        "packages_imported/symphony-input-core/3.2.5",
        "packages_imported/kommander-core/3.2.5",
        "packages_imported/cinematic-live-core/3.2.5"
      ],
      "devDependencies": {}
    },
    "node_modules/cinematic-live-core": {
      "resolved": "packages_imported/cinematic-live-core/3.2.5",
      "link": true
    },
    "node_modules/epsilon-core": {
      "resolved": "packages_imported/epsilon-core/3.2.5",
      "link": true
    },
    "node_modules/epsilon-fields": {
      "resolved": "packages/epsilon-fields",
      "link": true
    },
    "node_modules/epsilon-fields-test": {
      "resolved": "packages/epsilon-fields-test",
      "link": true
    },
    "node_modules/epsilon-image-core": {
      "resolved": "packages/epsilon-image-core",
      "link": true
    },
    "node_modules/epsilon-image-core-test": {
      "resolved": "packages/epsilon-image-core-test",
      "link": true
    },
    "node_modules/kommander-core": {
      "resolved": "packages_imported/kommander-core/3.2.5",
      "link": true
    },
    "node_modules/symphony-input-core": {
      "resolved": "packages_imported/symphony-input-core/3.2.5",
      "link": true
    },
    "node_modules/ws": {
      "version": "8.18.3",
      "resolved": "https://registry.npmjs.org/ws/-/ws-8.18.3.tgz",
      "integrity": "sha512-PEIGCY5tSlUt50cqyMXfCzX+oOPqN0vuGqWzbcJ2xvnkzkq46oOpz7dQaTDBdfICb4N14+GARUDw2XV2N4tvzg==",
      "license": "MIT",
      "engines": {
        "node": ">=10.0.0"
      },
      "peerDependencies": {
        "bufferutil": "^4.0.1",
        "utf-8-validate": ">=5.0.2"
      },
      "peerDependenciesMeta": {
        "bufferutil": {
          "optional": true
        },
        "utf-8-validate": {
          "optional": true
        }
      }
    },
    "packages_imported/cinematic-live-core/3.1.14": {
      "name": "cinematic-live-core",
      "version": "3.1.14",
      "extraneous": true,
      "devDependencies": {}
    },
    "packages_imported/cinematic-live-core/3.2.3": {
      "name": "cinematic-live-core",
      "version": "3.2.3",
      "extraneous": true,
      "devDependencies": {}
    },
    "packages_imported/cinematic-live-core/3.2.5": {
      "name": "cinematic-live-core",
      "version": "3.2.5",
      "devDependencies": {}
    },
    "packages_imported/epsilon-core/3.1.14": {
      "name": "epsilon-core",
      "version": "3.1.14",
      "extraneous": true,
      "dependencies": {
        "abort-controller": "3.0.0",
        "format-util": "^1.0.5",
        "node-fetch": "2.6.7",
        "ws": "8.5.0"
      },
      "devDependencies": {}
    },
    "packages_imported/epsilon-core/3.2.3": {
      "name": "epsilon-core",
      "version": "3.2.3",
      "extraneous": true,
      "dependencies": {
        "ws": "8.18.0"
      },
      "devDependencies": {}
    },
    "packages_imported/epsilon-core/3.2.5": {
      "name": "epsilon-core",
      "version": "3.2.5",
      "dependencies": {
        "ws": "8.18.3"
      },
      "devDependencies": {}
    },
    "packages_imported/kommander-core/3.1.14": {
      "name": "kommander-core",
      "version": "3.1.14",
      "extraneous": true,
      "devDependencies": {}
    },
    "packages_imported/kommander-core/3.2.3": {
      "name": "kommander-core",
      "version": "3.2.3",
      "extraneous": true,
      "devDependencies": {}
    },
    "packages_imported/kommander-core/3.2.5": {
      "name": "kommander-core",
      "version": "3.2.5",
      "devDependencies": {}
    },
    "packages_imported/symphony-input-core/3.1.14": {
      "name": "symphony-input-core",
      "version": "3.1.14",
      "extraneous": true,
      "devDependencies": {}
    },
    "packages_imported/symphony-input-core/3.2.3": {
      "name": "symphony-input-core",
      "version": "3.2.3",
      "extraneous": true,
      "devDependencies": {}
    },
    "packages_imported/symphony-input-core/3.2.5": {
      "name": "symphony-input-core",
      "version": "3.2.5",
      "devDependencies": {}
    },
    "packages/epsilon-fields": {
      "version": "3.2.5",
      "dependencies": {
        "ws": "8.18.3"
      },
      "devDependencies": {}
    },
    "packages/epsilon-fields-test": {
      "version": "3.2.5",
      "dependencies": {
        "ws": "8.18.3"
      },
      "devDependencies": {}
    },
    "packages/epsilon-image-core": {
      "version": "3.2.5",
      "dependencies": {
        "ws": "8.18.3"
      },
      "devDependencies": {}
    },
    "packages/epsilon-image-core-test": {
      "version": "3.2.5",
      "dependencies": {
        "ws": "8.18.3"
      },
      "devDependencies": {}
    }
  }
}
